github.com/Sirupsen/logrus v0.0.0-20151204141443-446d1c146faa/go.mod h1:rmk17hk6i8ZSAJkSDa7nOxamrG+SP4P0mm+DAvExv4U=
github.com/alecthomas/template v0.0.0-20160405071501-a0175ee3bccc h1:cAKDfWh5VpdgMhJosfJnn5/FoN2SRZ4p7fJNX58YPaU=
github.com/alecthomas/template v0.0.0-20160405071501-a0175ee3bccc/go.mod h1:LOuyumcjzFXgccqObfd/Ljyb9UuFJ6TxHnclSeseNhc=
github.com/alecthomas/units v0.0.0-20151022065526-2efee857e7cf h1:qet1QNfXsQxTZqLG4oE62mJzwPIB8+Tee4RNCL9ulrY=
github.com/alecthomas/units v0.0.0-20151022065526-2efee857e7cf/go.mod h1:ybxpYRFXyAe+OPACYpWeL0wqObRcbAqCMya13uyzqw0=
github.com/beorn7/perks v0.0.0-20160229213445-3ac7bf7a47d1 h1:OnJHjoVbY69GG4gclp0ngXfywigLhR6rrgUxmxQRWO4=
github.com/beorn7/perks v0.0.0-20160229213445-3ac7bf7a47d1/go.mod h1:Dwedo/Wpr24TaqPxmxbtue+5NUziq4I4S80YR8gNf3Q=
github.com/golang/protobuf v0.0.0-20160425215824-7cc19b78d562 h1:Cuu6mnKPbb6F6/z64H13pV8sV5+je6H4tgLbJ3bpYlA=
github.com/golang/protobuf v0.0.0-20160425215824-7cc19b78d562/go.mod h1:6lQm79b+lXiMfvg/cZm0SGofjICqVBUtrP5yJMmIC1U=
github.com/matttproud/golang_protobuf_extensions v1.0.1 h1:4hp9jkHxhMHkqkrB3Ix0jegS5sx/RkqARlsWZ6pIwiU=
github.com/matttproud/golang_protobuf_extensions v1.0.1/go.mod h1:D8He9yQNgCq6Z5Ld7szi9bcBfOoFv/3dc6xSMkL2PC0=
github.com/prometheus/client_golang v0.0.0-20180416233856-82f5ff156b29 h1:cQm+HhVskQGWd5IRnRXnQgQ1yJK98jyeEy2uBi3OFlM=
github.com/prometheus/client_golang v0.0.0-20180416233856-82f5ff156b29/go.mod h1:7SWBe2y4D6OKWSNQJUaRYU/AaXPKyh/dDVn+NZz0KFw=
github.com/prometheus/client_model v0.0.0-20171117100541-99fa1f4be8e5 h1:cLL6NowurKLMfCeQy4tIeph12XNQWgANCNvdyrOYKV4=
github.com/prometheus/client_model v0.0.0-20171117100541-99fa1f4be8e5/go.mod h1:MbSGuTsp3dbXC40dX6PRTWyKYBIrTGTE9sqQNg2J8bo=
github.com/prometheus/common v0.0.0-20180426121432-d811d2e9bf89 h1:7KBNF1zLlfEkG0K4axOT7B9GNzaIse6ELQL/w48P7KI=
github.com/prometheus/common v0.0.0-20180426121432-d811d2e9bf89/go.mod h1:daVV7qP5qjZbuso7PdcryaAu0sAZbrN9i7WWcTMWvro=
github.com/prometheus/procfs v0.0.0-20180408092902-8b1c2da0d56d h1:RCcsxyRr6+/pLg6wr0cUjPovhEhSNOtPh0SOz6u3hGU=
github.com/prometheus/procfs v0.0.0-20180408092902-8b1c2da0d56d/go.mod h1:c3At6R/oaqEKCNdg8wHV1ftS6bRYblBhIjjI8uT2IGk=
github.com/sirupsen/logrus v0.0.0-20180329225952-778f2e774c72 h1:BI8cisoUyvxGxbdsW8bt5a371/2lj58U37yC0rxA45w=
github.com/sirupsen/logrus v0.0.0-20180329225952-778f2e774c72/go.mod h1:pMByvHTf9Beacp5x1UXfOR9xyW/9antXMhjMPG0dEzc=
golang.org/x/crypto v0.0.0-20180502184808-8b1d31080a76 h1:gh+YIg3AmkQF6G2X99IpoDDQVDJVOm72RF2fkAoA8iw=
golang.org/x/crypto v0.0.0-20180502184808-8b1d31080a76/go.mod h1:6SG95UA2DQfeDnfUPMdvaQW0Q7yPrPDi9nlGo2tz2b4=
golang.org/x/net v0.0.0-20180420171651-5f9ae10d9af5 h1:ylIG3jIeS45kB0W95N19kS62fwermjMYLIyybf8xh9M=
golang.org/x/net v0.0.0-20180420171651-5f9ae10d9af5/go.mod h1:mL1N/T3taQHkDXs73rZJwtUhF3w3ftmwwsq0BUmARs4=
golang.org/x/sys v0.0.0-20180501092740-78d5f264b493 h1:IdoM71H+6PmWKfe808vA3uKntXqEtc9yMa7A8TxcVVg=
golang.org/x/sys v0.0.0-20180501092740-78d5f264b493/go.mod h1:STP8DvDyc/dI5b8T5hshtkjS+E42TnysNCUPdjciGhY=
golang.org/x/text v0.0.0-20180410181320-7922cc490dd5 h1:JuX0hiV/F4xp4w8qqbN49Nsatovt4Kckp6J/5EbNi9Y=
golang.org/x/text v0.0.0-20180410181320-7922cc490dd5/go.mod h1:NqM8EUOU14njkJ3fqMW+pc6Ldnwhi/IjpwHt7yyuwOQ=
gopkg.in/alecthomas/kingpin.v2 v2.2.6 h1:jMFz6MfLP0/4fUyZle81rXUoxOBFi19VUFKVDOQfozc=
gopkg.in/alecthomas/kingpin.v2 v2.2.6/go.mod h1:FMv+mEhP44yOT+4EoQTLFTRgOQ1FBLkstjWtayDeSgw=
